
Microsoft Visual Studio Solution File, Format Version 12.00
# Visual Studio Version 17
VisualStudioVersion = 17.0.31912.275
MinimumVisualStudioVersion = 10.0.40219.1
Project("{FAE04EC0-301F-11D3-BF4B-00C04F79EFBC}") = "SJDRDotNet", "SJDRDotNet.csproj", "{3E8DFFA0-EE4A-4A82-9C87-CE237E42C7AE}"
EndProject
Global
	GlobalSection(SolutionConfigurationPlatforms) = preSolution
		Debug|Any CPU = Debug|Any CPU
		Release|Any CPU = Release|Any CPU
	EndGlobalSection
	GlobalSection(ProjectConfigurationPlatforms) = postSolution
		{3E8DFFA0-EE4A-4A82-9C87-CE237E42C7AE}.Debug|Any CPU.ActiveCfg = Debug|Any CPU
		{3E8DFFA0-EE4A-4A82-9C87-CE237E42C7AE}.Debug|Any CPU.Build.0 = Debug|Any CPU
		{3E8DFFA0-EE4A-4A82-9C87-CE237E42C7AE}.Release|Any CPU.ActiveCfg = Release|Any CPU
		{3E8DFFA0-EE4A-4A82-9C87-CE237E42C7AE}.Release|Any CPU.Build.0 = Release|Any CPU
	EndGlobalSection
	GlobalSection(SolutionProperties) = preSolution
		HideSolutionNode = FALSE
	EndGlobalSection
	GlobalSection(ExtensibilityGlobals) = postSolution
		SolutionGuid = {8A4D5429-1FE2-435F-8BDD-C730CE617083}
	EndGlobalSection
EndGlobal
